# THIS IS AN AUTOGENERATED FILE. DO NOT EDIT THIS FILE DIRECTLY.
# yarn lockfile v1


bun-types@latest:
  version "1.0.5-canary.20231005T140125"
  resolved "https://registry.yarnpkg.com/bun-types/-/bun-types-1.0.5-canary.20231005T140125.tgz#76f09fa5d8ea6fe9db1d4ade2f06ac0bbed38190"
  integrity sha512-ajUcxaLP3nkPKTs4Iu3r2YaE+xyIU7RlO15bye8yUwZ/cYKHKIw//Xr2xSgi73y7aIuM8/HHK43WhJxdhrI4CQ==

typescript@^5.2.2:
  version "5.2.2"
  resolved "https://registry.yarnpkg.com/typescript/-/typescript-5.2.2.tgz#5ebb5e5a5b75f085f22bc3f8460fba308310fa78"
  integrity sha512-mI4WrpHsbCIcwT9cF4FZvr80QUeKvsUsUvKDoR+X/7XHQH98xYD8YHZg7ANtz2GtZt/CBq2QJ0thkGJMHfqc1w==
